
Microsoft Visual Studio Solution File, Format Version 12.00
# Visual Studio Version 16
VisualStudioVersion = 16.0.30001.183
MinimumVisualStudioVersion = 10.0.40219.1
Project("{FAE04EC0-301F-11D3-BF4B-00C04F79EFBC}") = "PlayersWhoPlayed", "PlayersWhoPlayed.csproj", "{0F128343-8B26-45AC-85EF-0B40CE0D747A}"
EndProject
Global
	GlobalSection(SolutionConfigurationPlatforms) = preSolution
		Debug|Any CPU = Debug|Any CPU
		Release|Any CPU = Release|Any CPU
	EndGlobalSection
	GlobalSection(ProjectConfigurationPlatforms) = postSolution
		{0F128343-8B26-45AC-85EF-0B40CE0D747A}.Debug|Any CPU.ActiveCfg = Debug|Any CPU
		{0F128343-8B26-45AC-85EF-0B40CE0D747A}.Debug|Any CPU.Build.0 = Debug|Any CPU
		{0F128343-8B26-45AC-85EF-0B40CE0D747A}.Release|Any CPU.ActiveCfg = Release|Any CPU
		{0F128343-8B26-45AC-85EF-0B40CE0D747A}.Release|Any CPU.Build.0 = Release|Any CPU
	EndGlobalSection
	GlobalSection(SolutionProperties) = preSolution
		HideSolutionNode = FALSE
	EndGlobalSection
	GlobalSection(ExtensibilityGlobals) = postSolution
		SolutionGuid = {BB8F928E-D818-463E-9D53-065D110F2CD7}
	EndGlobalSection
EndGlobal
